
Microsoft Visual Studio Solution File, Format Version 12.00
# Visual Studio 15
VisualStudioVersion = 15.0.28307.271
MinimumVisualStudioVersion = 10.0.40219.1
Project("{FAE04EC0-301F-11D3-BF4B-00C04F79EFBC}") = "Yozian.DependencyInjectionPlus", "Yozian.DependencyInjectionPlus\Yozian.DependencyInjectionPlus.csproj", "{BE49DE5F-9022-44DB-A2DD-05EA3DE4D805}"
EndProject
Project("{FAE04EC0-301F-11D3-BF4B-00C04F79EFBC}") = "Yozian.DependencyInjectionPlusTest", "..\Yozian.DependencyInjectionPlusTest\Yozian.DependencyInjectionPlusTest.csproj", "{C4926EC8-322F-403A-A3E8-CF95919BA3EE}"
EndProject
Project("{2150E333-8FDC-42A3-9474-1A3956D46DE8}") = "Development", "Development", "{4EC80822-7761-4685-A9DF-4678FF8321C4}"
	ProjectSection(SolutionItems) = preProject
		..\.gitignore = ..\.gitignore
		..\build.sh = ..\build.sh
		..\pack.sh = ..\pack.sh
		..\publish.sh = ..\publish.sh
		..\README.md = ..\README.md
		..\nuget\Yozian.DependencyInjectionPlus.nuspec = ..\nuget\Yozian.DependencyInjectionPlus.nuspec
	EndProjectSection
EndProject
Project("{FAE04EC0-301F-11D3-BF4B-00C04F79EFBC}") = "DependencyInjectionSample", "DependencyInjectionSample\DependencyInjectionSample.csproj", "{D5BDB35F-E9FC-47AF-9582-27829A51048F}"
EndProject
Global
	GlobalSection(SolutionConfigurationPlatforms) = preSolution
		Debug|Any CPU = Debug|Any CPU
		Release|Any CPU = Release|Any CPU
	EndGlobalSection
	GlobalSection(ProjectConfigurationPlatforms) = postSolution
		{BE49DE5F-9022-44DB-A2DD-05EA3DE4D805}.Debug|Any CPU.ActiveCfg = Debug|Any CPU
		{BE49DE5F-9022-44DB-A2DD-05EA3DE4D805}.Debug|Any CPU.Build.0 = Debug|Any CPU
		{BE49DE5F-9022-44DB-A2DD-05EA3DE4D805}.Release|Any CPU.ActiveCfg = Release|Any CPU
		{BE49DE5F-9022-44DB-A2DD-05EA3DE4D805}.Release|Any CPU.Build.0 = Release|Any CPU
		{C4926EC8-322F-403A-A3E8-CF95919BA3EE}.Debug|Any CPU.ActiveCfg = Debug|Any CPU
		{C4926EC8-322F-403A-A3E8-CF95919BA3EE}.Debug|Any CPU.Build.0 = Debug|Any CPU
		{C4926EC8-322F-403A-A3E8-CF95919BA3EE}.Release|Any CPU.ActiveCfg = Release|Any CPU
		{C4926EC8-322F-403A-A3E8-CF95919BA3EE}.Release|Any CPU.Build.0 = Release|Any CPU
		{D5BDB35F-E9FC-47AF-9582-27829A51048F}.Debug|Any CPU.ActiveCfg = Debug|Any CPU
		{D5BDB35F-E9FC-47AF-9582-27829A51048F}.Debug|Any CPU.Build.0 = Debug|Any CPU
		{D5BDB35F-E9FC-47AF-9582-27829A51048F}.Release|Any CPU.ActiveCfg = Release|Any CPU
		{D5BDB35F-E9FC-47AF-9582-27829A51048F}.Release|Any CPU.Build.0 = Release|Any CPU
	EndGlobalSection
	GlobalSection(SolutionProperties) = preSolution
		HideSolutionNode = FALSE
	EndGlobalSection
	GlobalSection(ExtensibilityGlobals) = postSolution
		SolutionGuid = {9C8DD92B-200A-4548-B4EF-E53894C04EE5}
	EndGlobalSection
EndGlobal
