
Microsoft Visual Studio Solution File, Format Version 12.00
# Visual Studio 15
VisualStudioVersion = 15.0.28307.271
MinimumVisualStudioVersion = 10.0.40219.1
Project("{9A19103F-16F7-4668-BE54-9A1E7A4F7556}") = "Yozian.DependencyInjectionPlus", "Yozian.DependencyInjectionPlus\Yozian.DependencyInjectionPlus.csproj", "{BE49DE5F-9022-44DB-A2DD-05EA3DE4D805}"
EndProject
Project("{2150E333-8FDC-42A3-9474-1A3956D46DE8}") = "Development", "Development", "{4EC80822-7761-4685-A9DF-4678FF8321C4}"
	ProjectSection(SolutionItems) = preProject
		..\.gitignore = ..\.gitignore
		..\build.sh = ..\build.sh
		..\pack.sh = ..\pack.sh
		..\publish.sh = ..\publish.sh
		..\README.md = ..\README.md
		..\nuget\Yozian.DependencyInjectionPlus.nuspec = ..\nuget\Yozian.DependencyInjectionPlus.nuspec
	EndProjectSection
EndProject
Project("{9A19103F-16F7-4668-BE54-9A1E7A4F7556}") = "DependencyInjectionSample", "DependencyInjectionSample\DependencyInjectionSample.csproj", "{D5BDB35F-E9FC-47AF-9582-27829A51048F}"
EndProject
Project("{9A19103F-16F7-4668-BE54-9A1E7A4F7556}") = "Yozian.DependencyInjectionPlusTest", "Yozian.DependencyInjectionPlusTest\Yozian.DependencyInjectionPlusTest.csproj", "{56D9DB7C-9A2D-4048-B3C1-A48F0B2FC2CA}"
EndProject
Global
	GlobalSection(SolutionConfigurationPlatforms) = preSolution
		Debug|Any CPU = Debug|Any CPU
		Release|Any CPU = Release|Any CPU
	EndGlobalSection
	GlobalSection(ProjectConfigurationPlatforms) = postSolution
		{BE49DE5F-9022-44DB-A2DD-05EA3DE4D805}.Debug|Any CPU.ActiveCfg = Debug|Any CPU
		{BE49DE5F-9022-44DB-A2DD-05EA3DE4D805}.Debug|Any CPU.Build.0 = Debug|Any CPU
		{BE49DE5F-9022-44DB-A2DD-05EA3DE4D805}.Release|Any CPU.ActiveCfg = Release|Any CPU
		{BE49DE5F-9022-44DB-A2DD-05EA3DE4D805}.Release|Any CPU.Build.0 = Release|Any CPU
		{D5BDB35F-E9FC-47AF-9582-27829A51048F}.Debug|Any CPU.ActiveCfg = Debug|Any CPU
		{D5BDB35F-E9FC-47AF-9582-27829A51048F}.Debug|Any CPU.Build.0 = Debug|Any CPU
		{D5BDB35F-E9FC-47AF-9582-27829A51048F}.Release|Any CPU.ActiveCfg = Release|Any CPU
		{D5BDB35F-E9FC-47AF-9582-27829A51048F}.Release|Any CPU.Build.0 = Release|Any CPU
		{56D9DB7C-9A2D-4048-B3C1-A48F0B2FC2CA}.Debug|Any CPU.ActiveCfg = Debug|Any CPU
		{56D9DB7C-9A2D-4048-B3C1-A48F0B2FC2CA}.Debug|Any CPU.Build.0 = Debug|Any CPU
		{56D9DB7C-9A2D-4048-B3C1-A48F0B2FC2CA}.Release|Any CPU.ActiveCfg = Release|Any CPU
		{56D9DB7C-9A2D-4048-B3C1-A48F0B2FC2CA}.Release|Any CPU.Build.0 = Release|Any CPU
	EndGlobalSection
	GlobalSection(SolutionProperties) = preSolution
		HideSolutionNode = FALSE
	EndGlobalSection
	GlobalSection(ExtensibilityGlobals) = postSolution
		SolutionGuid = {9C8DD92B-200A-4548-B4EF-E53894C04EE5}
	EndGlobalSection
EndGlobal
